
Microsoft Visual Studio Solution File, Format Version 12.00
Project("{FAE04EC0-301F-11D3-BF4B-00C04F79EFBC}") = "SpaceX", "SpaceX\SpaceX.csproj", "{D65B9958-5C5D-416F-9895-C48642908A2C}"
EndProject
Global
	GlobalSection(SolutionConfigurationPlatforms) = preSolution
		Debug|Any CPU = Debug|Any CPU
		Release|Any CPU = Release|Any CPU
	EndGlobalSection
	GlobalSection(ProjectConfigurationPlatforms) = postSolution
		{D65B9958-5C5D-416F-9895-C48642908A2C}.Debug|Any CPU.ActiveCfg = Debug|Any CPU
		{D65B9958-5C5D-416F-9895-C48642908A2C}.Debug|Any CPU.Build.0 = Debug|Any CPU
		{D65B9958-5C5D-416F-9895-C48642908A2C}.Release|Any CPU.ActiveCfg = Release|Any CPU
		{D65B9958-5C5D-416F-9895-C48642908A2C}.Release|Any CPU.Build.0 = Release|Any CPU
	EndGlobalSection
EndGlobal
